schema: '2.0'
stages:
  experiments:
    cmd: python scripts/run_experiments.py
    deps:
    - path: scripts/run_experiments.py
      hash: md5
      md5: f216c13cde913c3ef8b896d21bc1daab
      size: 3517
    - path: src/models/ml_model.py
      hash: md5
      md5: 0a866db22c93715d5a6be864d48345cf
      size: 2725
    - path: src/models/reinforcement_learning.py
      hash: md5
      md5: 2d0e99fcb6ade870c5fb6dc79cc2633d
      size: 2893
    - path: src/strategies/meta_strategy.py
      hash: md5
      md5: 092d70b4415e90a4781424a03b9d46fc
      size: 6752
    - path: src/utils/config.py
      hash: md5
      md5: bb8af7149c24360a658c46aa4f1e6ca3
      size: 1828
    outs:
    - path: db/experiments/results.json
      hash: md5
      md5: a67db0bb36be580998a88a4f46561148
      size: 7810
